
Microsoft Visual Studio Solution File, Format Version 12.00
# Visual Studio 2013
VisualStudioVersion = 12.0.31101.0
MinimumVisualStudioVersion = 10.0.40219.1
Project("{FAE04EC0-301F-11D3-BF4B-00C04F79EFBC}") = "AzureCiberDemo3", "AzureCiberDemo3\AzureCiberDemo3.csproj", "{CCE36035-72AD-4311-BF3E-DCE7AD125BE7}"
EndProject
Project("{2150E333-8FDC-42A3-9474-1A3956D46DE8}") = "PublishScripts", "PublishScripts", "{656CE962-4E09-4D90-878A-25EEF6A627DD}"
	ProjectSection(SolutionItems) = preProject
		PublishScripts\AzureWebsitePublishModule.psm1 = PublishScripts\AzureWebsitePublishModule.psm1
		PublishScripts\Publish-WebApplicationWebsite.ps1 = PublishScripts\Publish-WebApplicationWebsite.ps1
	EndProjectSection
EndProject
Project("{2150E333-8FDC-42A3-9474-1A3956D46DE8}") = "Configurations", "Configurations", "{E36CC800-AB13-46BC-A2DD-22DF89500F63}"
	ProjectSection(SolutionItems) = preProject
		PublishScripts\Configurations\AzureCiberDemo3-WAWS-dev.json = PublishScripts\Configurations\AzureCiberDemo3-WAWS-dev.json
	EndProjectSection
EndProject
Global
	GlobalSection(SolutionConfigurationPlatforms) = preSolution
		Debug|Any CPU = Debug|Any CPU
		Release|Any CPU = Release|Any CPU
	EndGlobalSection
	GlobalSection(ProjectConfigurationPlatforms) = postSolution
		{CCE36035-72AD-4311-BF3E-DCE7AD125BE7}.Debug|Any CPU.ActiveCfg = Debug|Any CPU
		{CCE36035-72AD-4311-BF3E-DCE7AD125BE7}.Debug|Any CPU.Build.0 = Debug|Any CPU
		{CCE36035-72AD-4311-BF3E-DCE7AD125BE7}.Release|Any CPU.ActiveCfg = Release|Any CPU
		{CCE36035-72AD-4311-BF3E-DCE7AD125BE7}.Release|Any CPU.Build.0 = Release|Any CPU
	EndGlobalSection
	GlobalSection(SolutionProperties) = preSolution
		HideSolutionNode = FALSE
	EndGlobalSection
	GlobalSection(NestedProjects) = preSolution
		{E36CC800-AB13-46BC-A2DD-22DF89500F63} = {656CE962-4E09-4D90-878A-25EEF6A627DD}
	EndGlobalSection
EndGlobal
